
Microsoft Visual Studio Solution File, Format Version 12.00
# Visual Studio 2013
VisualStudioVersion = 12.0.31101.0
MinimumVisualStudioVersion = 10.0.40219.1
Project("{FAE04EC0-301F-11D3-BF4B-00C04F79EFBC}") = "ObjectPooling", "ObjectPooling\ObjectPooling.csproj", "{7B569EA1-4775-4181-9AC7-0C4CA66DB407}"
EndProject
Project("{FAE04EC0-301F-11D3-BF4B-00C04F79EFBC}") = "ObjectPoolingTest", "ObjectPoolingTest\ObjectPoolingTest.csproj", "{F372528D-E84A-49D2-AE12-3CD8E757EF45}"
EndProject
Global
	GlobalSection(SolutionConfigurationPlatforms) = preSolution
		Debug|Any CPU = Debug|Any CPU
		Release|Any CPU = Release|Any CPU
	EndGlobalSection
	GlobalSection(ProjectConfigurationPlatforms) = postSolution
		{7B569EA1-4775-4181-9AC7-0C4CA66DB407}.Debug|Any CPU.ActiveCfg = Debug|Any CPU
		{7B569EA1-4775-4181-9AC7-0C4CA66DB407}.Debug|Any CPU.Build.0 = Debug|Any CPU
		{7B569EA1-4775-4181-9AC7-0C4CA66DB407}.Release|Any CPU.ActiveCfg = Release|Any CPU
		{7B569EA1-4775-4181-9AC7-0C4CA66DB407}.Release|Any CPU.Build.0 = Release|Any CPU
		{F372528D-E84A-49D2-AE12-3CD8E757EF45}.Debug|Any CPU.ActiveCfg = Debug|Any CPU
		{F372528D-E84A-49D2-AE12-3CD8E757EF45}.Debug|Any CPU.Build.0 = Debug|Any CPU
		{F372528D-E84A-49D2-AE12-3CD8E757EF45}.Release|Any CPU.ActiveCfg = Release|Any CPU
		{F372528D-E84A-49D2-AE12-3CD8E757EF45}.Release|Any CPU.Build.0 = Release|Any CPU
	EndGlobalSection
	GlobalSection(SolutionProperties) = preSolution
		HideSolutionNode = FALSE
	EndGlobalSection
EndGlobal
